{
  "name": "Atelier",
  "lockfileVersion": 3,
  "requires": true,
  "packages": {
    "": {
      "dependencies": {
        "datatables.net-dt": "^2.3.7"
      }
    },
    "node_modules/datatables.net": {
      "version": "2.3.7",
      "resolved": "https://registry.npmjs.org/datatables.net/-/datatables.net-2.3.7.tgz",
      "integrity": "sha512-AvsjG/Nkp6OxeyBKYZauemuzQCPogE1kOtKwG4sYjvdqGCSLiGaJagQwXv4YxG+ts5vaJr6qKGG9ec3g6vTo3w==",
      "license": "MIT",
      "dependencies": {
        "jquery": ">=1.7"
      }
    },
    "node_modules/datatables.net-dt": {
      "version": "2.3.7",
      "resolved": "https://registry.npmjs.org/datatables.net-dt/-/datatables.net-dt-2.3.7.tgz",
      "integrity": "sha512-OXXIliY5MXnI+284Gt73F+fEdnW2u5y9jiptlvjDDb3YlyqXU4E/YZUB262a068sM/+qakb6RixN1SWn18uF2g==",
      "license": "MIT",
      "dependencies": {
        "datatables.net": "2.3.7",
        "jquery": ">=1.7"
      }
    },
    "node_modules/jquery": {
      "version": "4.0.0",
      "resolved": "https://registry.npmjs.org/jquery/-/jquery-4.0.0.tgz",
      "integrity": "sha512-TXCHVR3Lb6TZdtw1l3RTLf8RBWVGexdxL6AC8/e0xZKEpBflBsjh9/8LXw+dkNFuOyW9B7iB3O1sP7hS0Kiacg==",
      "license": "MIT"
    }
  }
}
